# This file is generated by running "yarn install" inside your project.
# Manual changes might be lost - proceed with caution!

__metadata:
  version: 4
  cacheKey: 4

"esbuild-yarn-berry@workspace:.":
  version: 0.0.0-use.local
  resolution: "esbuild-yarn-berry@workspace:."
  dependencies:
    esbuild: 0.5.16
  languageName: unknown
  linkType: soft

"esbuild@npm:0.5.16":
  version: 0.5.16
  resolution: "esbuild@npm:0.5.16"
  bin:
    esbuild: bin/esbuild
  checksum: 15460018d58e98b692865e23480192cd1a84dca675b03406628916db062d348369133220982075601a9316589445a5a9889c0f21274ab8397bff1896f16776cc
  languageName: node
  linkType: hard
